
Microsoft Visual Studio Solution File, Format Version 12.00
# Visual Studio Version 17
VisualStudioVersion = 17.10.34804.81
MinimumVisualStudioVersion = 10.0.40219.1
Project("{2150E333-8FDC-42A3-9474-1A3956D46DE8}") = "Src", "Src", "{1767E06F-F9A9-4AC1-B104-F2738897CEC1}"
EndProject
Project("{2150E333-8FDC-42A3-9474-1A3956D46DE8}") = "Tests", "Tests", "{18D14DFA-B713-4469-A915-CADB792BE8B3}"
EndProject
Project("{9A19103F-16F7-4668-BE54-9A1E7A4F7556}") = "DataAccess", "Src\DataAccess\DataAccess.csproj", "{C3E55442-4B5F-4BE3-8C37-15358482BD5B}"
EndProject
Project("{9A19103F-16F7-4668-BE54-9A1E7A4F7556}") = "DomainModules", "Src\DomainModules\DomainModules.csproj", "{4DBBB9AE-112D-43FC-B354-94D73E0F3482}"
EndProject
Project("{9A19103F-16F7-4668-BE54-9A1E7A4F7556}") = "Infrastructure", "Src\Infrastructure\Infrastructure.csproj", "{2C9033C6-D111-451B-AAF2-EE205D35989F}"
EndProject
Project("{9A19103F-16F7-4668-BE54-9A1E7A4F7556}") = "ServiceModules", "Src\ServiceModules\ServiceModules.csproj", "{47EE65F4-F212-4CE3-BBF0-89334F4A5464}"
EndProject
Project("{9A19103F-16F7-4668-BE54-9A1E7A4F7556}") = "SupportModules", "Src\SupportModules\SupportModules.csproj", "{CE97A069-ED57-480E-AC22-07F48953FB07}"
EndProject
Project("{9A19103F-16F7-4668-BE54-9A1E7A4F7556}") = "DataAccess.Tests", "Tests\DataAccess.Tests\DataAccess.Tests.csproj", "{33178371-BC31-4215-9FF9-ADC5D2476548}"
EndProject
Project("{9A19103F-16F7-4668-BE54-9A1E7A4F7556}") = "DomainModules.Tests", "Tests\DomainModules.Tests\DomainModules.Tests.csproj", "{12A60512-CFA7-46CA-BFBB-06F1711559A7}"
EndProject
Project("{9A19103F-16F7-4668-BE54-9A1E7A4F7556}") = "Infrastructure.Tests", "Tests\Infrastructure.Tests\Infrastructure.Tests.csproj", "{499677BC-4A40-4B6E-9AA4-36476465D095}"
EndProject
Project("{9A19103F-16F7-4668-BE54-9A1E7A4F7556}") = "ServiceModules.Tests", "Tests\ServiceModules.Tests\ServiceModules.Tests.csproj", "{F413A91A-6A96-42BA-A165-6F4D98ACB9F5}"
EndProject
Project("{9A19103F-16F7-4668-BE54-9A1E7A4F7556}") = "SupportModules.Tests", "Tests\SupportModules.Tests\SupportModules.Tests.csproj", "{8A1EEEDC-93DE-4E7E-9F97-389BC072DE09}"
EndProject
Project("{9A19103F-16F7-4668-BE54-9A1E7A4F7556}") = "Web", "Src\Web\Web.csproj", "{4889372D-6624-4A6B-A0FB-20B536E4AA09}"
EndProject
Project("{9A19103F-16F7-4668-BE54-9A1E7A4F7556}") = "EmailTemplatePreviewGUI", "Tests\EmailTemplatePreviewGUI\EmailTemplatePreviewGUI.csproj", "{05868F12-0D62-4B4C-A355-75C841F6B463}"
EndProject
Project("{9A19103F-16F7-4668-BE54-9A1E7A4F7556}") = "TimerTriggers", "Src\TimerTriggers\TimerTriggers.csproj", "{FB0AB408-2207-410B-97B0-17C028A2B230}"
EndProject
Project("{9A19103F-16F7-4668-BE54-9A1E7A4F7556}") = "TimerTriggers.Tests", "Tests\TimerTriggers.Tests\TimerTriggers.Tests.csproj", "{56B4E8E7-52A9-491E-A5EB-4872A75A0FCF}"
EndProject
Project("{9A19103F-16F7-4668-BE54-9A1E7A4F7556}") = "Contracts", "Contracts\Contracts.csproj", "{4C57B2F6-B41F-4424-B77C-1228EB2880A5}"
EndProject
Project("{9A19103F-16F7-4668-BE54-9A1E7A4F7556}") = "Bootstrapper", "Bootstrapper\Bootstrapper.csproj", "{4216677B-083E-4705-A8E0-6A70858EEB91}"
EndProject
Global
	GlobalSection(SolutionConfigurationPlatforms) = preSolution
		Debug|Any CPU = Debug|Any CPU
		Release|Any CPU = Release|Any CPU
	EndGlobalSection
	GlobalSection(ProjectConfigurationPlatforms) = postSolution
		{C3E55442-4B5F-4BE3-8C37-15358482BD5B}.Debug|Any CPU.ActiveCfg = Debug|Any CPU
		{C3E55442-4B5F-4BE3-8C37-15358482BD5B}.Debug|Any CPU.Build.0 = Debug|Any CPU
		{C3E55442-4B5F-4BE3-8C37-15358482BD5B}.Release|Any CPU.ActiveCfg = Release|Any CPU
		{C3E55442-4B5F-4BE3-8C37-15358482BD5B}.Release|Any CPU.Build.0 = Release|Any CPU
		{4DBBB9AE-112D-43FC-B354-94D73E0F3482}.Debug|Any CPU.ActiveCfg = Debug|Any CPU
		{4DBBB9AE-112D-43FC-B354-94D73E0F3482}.Debug|Any CPU.Build.0 = Debug|Any CPU
		{4DBBB9AE-112D-43FC-B354-94D73E0F3482}.Release|Any CPU.ActiveCfg = Release|Any CPU
		{4DBBB9AE-112D-43FC-B354-94D73E0F3482}.Release|Any CPU.Build.0 = Release|Any CPU
		{2C9033C6-D111-451B-AAF2-EE205D35989F}.Debug|Any CPU.ActiveCfg = Debug|Any CPU
		{2C9033C6-D111-451B-AAF2-EE205D35989F}.Debug|Any CPU.Build.0 = Debug|Any CPU
		{2C9033C6-D111-451B-AAF2-EE205D35989F}.Release|Any CPU.ActiveCfg = Release|Any CPU
		{2C9033C6-D111-451B-AAF2-EE205D35989F}.Release|Any CPU.Build.0 = Release|Any CPU
		{47EE65F4-F212-4CE3-BBF0-89334F4A5464}.Debug|Any CPU.ActiveCfg = Debug|Any CPU
		{47EE65F4-F212-4CE3-BBF0-89334F4A5464}.Debug|Any CPU.Build.0 = Debug|Any CPU
		{47EE65F4-F212-4CE3-BBF0-89334F4A5464}.Release|Any CPU.ActiveCfg = Release|Any CPU
		{47EE65F4-F212-4CE3-BBF0-89334F4A5464}.Release|Any CPU.Build.0 = Release|Any CPU
		{CE97A069-ED57-480E-AC22-07F48953FB07}.Debug|Any CPU.ActiveCfg = Debug|Any CPU
		{CE97A069-ED57-480E-AC22-07F48953FB07}.Debug|Any CPU.Build.0 = Debug|Any CPU
		{CE97A069-ED57-480E-AC22-07F48953FB07}.Release|Any CPU.ActiveCfg = Release|Any CPU
		{CE97A069-ED57-480E-AC22-07F48953FB07}.Release|Any CPU.Build.0 = Release|Any CPU
		{33178371-BC31-4215-9FF9-ADC5D2476548}.Debug|Any CPU.ActiveCfg = Debug|Any CPU
		{33178371-BC31-4215-9FF9-ADC5D2476548}.Debug|Any CPU.Build.0 = Debug|Any CPU
		{33178371-BC31-4215-9FF9-ADC5D2476548}.Release|Any CPU.ActiveCfg = Release|Any CPU
		{33178371-BC31-4215-9FF9-ADC5D2476548}.Release|Any CPU.Build.0 = Release|Any CPU
		{12A60512-CFA7-46CA-BFBB-06F1711559A7}.Debug|Any CPU.ActiveCfg = Debug|Any CPU
		{12A60512-CFA7-46CA-BFBB-06F1711559A7}.Debug|Any CPU.Build.0 = Debug|Any CPU
		{12A60512-CFA7-46CA-BFBB-06F1711559A7}.Release|Any CPU.ActiveCfg = Release|Any CPU
		{12A60512-CFA7-46CA-BFBB-06F1711559A7}.Release|Any CPU.Build.0 = Release|Any CPU
		{499677BC-4A40-4B6E-9AA4-36476465D095}.Debug|Any CPU.ActiveCfg = Debug|Any CPU
		{499677BC-4A40-4B6E-9AA4-36476465D095}.Debug|Any CPU.Build.0 = Debug|Any CPU
		{499677BC-4A40-4B6E-9AA4-36476465D095}.Release|Any CPU.ActiveCfg = Release|Any CPU
		{499677BC-4A40-4B6E-9AA4-36476465D095}.Release|Any CPU.Build.0 = Release|Any CPU
		{F413A91A-6A96-42BA-A165-6F4D98ACB9F5}.Debug|Any CPU.ActiveCfg = Debug|Any CPU
		{F413A91A-6A96-42BA-A165-6F4D98ACB9F5}.Debug|Any CPU.Build.0 = Debug|Any CPU
		{F413A91A-6A96-42BA-A165-6F4D98ACB9F5}.Release|Any CPU.ActiveCfg = Release|Any CPU
		{F413A91A-6A96-42BA-A165-6F4D98ACB9F5}.Release|Any CPU.Build.0 = Release|Any CPU
		{8A1EEEDC-93DE-4E7E-9F97-389BC072DE09}.Debug|Any CPU.ActiveCfg = Debug|Any CPU
		{8A1EEEDC-93DE-4E7E-9F97-389BC072DE09}.Debug|Any CPU.Build.0 = Debug|Any CPU
		{8A1EEEDC-93DE-4E7E-9F97-389BC072DE09}.Release|Any CPU.ActiveCfg = Release|Any CPU
		{8A1EEEDC-93DE-4E7E-9F97-389BC072DE09}.Release|Any CPU.Build.0 = Release|Any CPU
		{4889372D-6624-4A6B-A0FB-20B536E4AA09}.Debug|Any CPU.ActiveCfg = Debug|Any CPU
		{4889372D-6624-4A6B-A0FB-20B536E4AA09}.Debug|Any CPU.Build.0 = Debug|Any CPU
		{4889372D-6624-4A6B-A0FB-20B536E4AA09}.Release|Any CPU.ActiveCfg = Release|Any CPU
		{4889372D-6624-4A6B-A0FB-20B536E4AA09}.Release|Any CPU.Build.0 = Release|Any CPU
		{05868F12-0D62-4B4C-A355-75C841F6B463}.Debug|Any CPU.ActiveCfg = Debug|Any CPU
		{05868F12-0D62-4B4C-A355-75C841F6B463}.Debug|Any CPU.Build.0 = Debug|Any CPU
		{05868F12-0D62-4B4C-A355-75C841F6B463}.Release|Any CPU.ActiveCfg = Release|Any CPU
		{05868F12-0D62-4B4C-A355-75C841F6B463}.Release|Any CPU.Build.0 = Release|Any CPU
		{FB0AB408-2207-410B-97B0-17C028A2B230}.Debug|Any CPU.ActiveCfg = Debug|Any CPU
		{FB0AB408-2207-410B-97B0-17C028A2B230}.Debug|Any CPU.Build.0 = Debug|Any CPU
		{FB0AB408-2207-410B-97B0-17C028A2B230}.Release|Any CPU.ActiveCfg = Release|Any CPU
		{FB0AB408-2207-410B-97B0-17C028A2B230}.Release|Any CPU.Build.0 = Release|Any CPU
		{56B4E8E7-52A9-491E-A5EB-4872A75A0FCF}.Debug|Any CPU.ActiveCfg = Debug|Any CPU
		{56B4E8E7-52A9-491E-A5EB-4872A75A0FCF}.Debug|Any CPU.Build.0 = Debug|Any CPU
		{56B4E8E7-52A9-491E-A5EB-4872A75A0FCF}.Release|Any CPU.ActiveCfg = Release|Any CPU
		{56B4E8E7-52A9-491E-A5EB-4872A75A0FCF}.Release|Any CPU.Build.0 = Release|Any CPU
		{4C57B2F6-B41F-4424-B77C-1228EB2880A5}.Debug|Any CPU.ActiveCfg = Debug|Any CPU
		{4C57B2F6-B41F-4424-B77C-1228EB2880A5}.Debug|Any CPU.Build.0 = Debug|Any CPU
		{4C57B2F6-B41F-4424-B77C-1228EB2880A5}.Release|Any CPU.ActiveCfg = Release|Any CPU
		{4C57B2F6-B41F-4424-B77C-1228EB2880A5}.Release|Any CPU.Build.0 = Release|Any CPU
		{4216677B-083E-4705-A8E0-6A70858EEB91}.Debug|Any CPU.ActiveCfg = Debug|Any CPU
		{4216677B-083E-4705-A8E0-6A70858EEB91}.Debug|Any CPU.Build.0 = Debug|Any CPU
		{4216677B-083E-4705-A8E0-6A70858EEB91}.Release|Any CPU.ActiveCfg = Release|Any CPU
		{4216677B-083E-4705-A8E0-6A70858EEB91}.Release|Any CPU.Build.0 = Release|Any CPU
	EndGlobalSection
	GlobalSection(SolutionProperties) = preSolution
		HideSolutionNode = FALSE
	EndGlobalSection
	GlobalSection(NestedProjects) = preSolution
		{C3E55442-4B5F-4BE3-8C37-15358482BD5B} = {1767E06F-F9A9-4AC1-B104-F2738897CEC1}
		{4DBBB9AE-112D-43FC-B354-94D73E0F3482} = {1767E06F-F9A9-4AC1-B104-F2738897CEC1}
		{2C9033C6-D111-451B-AAF2-EE205D35989F} = {1767E06F-F9A9-4AC1-B104-F2738897CEC1}
		{47EE65F4-F212-4CE3-BBF0-89334F4A5464} = {1767E06F-F9A9-4AC1-B104-F2738897CEC1}
		{CE97A069-ED57-480E-AC22-07F48953FB07} = {1767E06F-F9A9-4AC1-B104-F2738897CEC1}
		{33178371-BC31-4215-9FF9-ADC5D2476548} = {18D14DFA-B713-4469-A915-CADB792BE8B3}
		{12A60512-CFA7-46CA-BFBB-06F1711559A7} = {18D14DFA-B713-4469-A915-CADB792BE8B3}
		{499677BC-4A40-4B6E-9AA4-36476465D095} = {18D14DFA-B713-4469-A915-CADB792BE8B3}
		{F413A91A-6A96-42BA-A165-6F4D98ACB9F5} = {18D14DFA-B713-4469-A915-CADB792BE8B3}
		{8A1EEEDC-93DE-4E7E-9F97-389BC072DE09} = {18D14DFA-B713-4469-A915-CADB792BE8B3}
		{4889372D-6624-4A6B-A0FB-20B536E4AA09} = {1767E06F-F9A9-4AC1-B104-F2738897CEC1}
		{05868F12-0D62-4B4C-A355-75C841F6B463} = {18D14DFA-B713-4469-A915-CADB792BE8B3}
		{FB0AB408-2207-410B-97B0-17C028A2B230} = {1767E06F-F9A9-4AC1-B104-F2738897CEC1}
		{56B4E8E7-52A9-491E-A5EB-4872A75A0FCF} = {18D14DFA-B713-4469-A915-CADB792BE8B3}
	EndGlobalSection
	GlobalSection(ExtensibilityGlobals) = postSolution
		SolutionGuid = {43FB53F9-CA0A-48E8-AAC8-360182CF1E7E}
	EndGlobalSection
EndGlobal
