
Microsoft Visual Studio Solution File, Format Version 12.00
# Visual Studio Version 17
VisualStudioVersion = 17.10.34804.81
MinimumVisualStudioVersion = 10.0.40219.1
Project("{2150E333-8FDC-42A3-9474-1A3956D46DE8}") = "Presentation", "Presentation", "{E7345413-ABA5-4B77-953D-929E7024E833}"
EndProject
Project("{2150E333-8FDC-42A3-9474-1A3956D46DE8}") = "ServiceModules", "ServiceModules", "{F0324CB7-789E-404D-909C-36FD4EB44275}"
EndProject
Project("{2150E333-8FDC-42A3-9474-1A3956D46DE8}") = "Src", "Src", "{1767E06F-F9A9-4AC1-B104-F2738897CEC1}"
EndProject
Project("{2150E333-8FDC-42A3-9474-1A3956D46DE8}") = "Tests", "Tests", "{18D14DFA-B713-4469-A915-CADB792BE8B3}"
EndProject
Project("{2150E333-8FDC-42A3-9474-1A3956D46DE8}") = "ServiceModules", "ServiceModules", "{CC5ADD94-2792-4819-9FEA-5F299F3C9DFE}"
EndProject
Project("{2150E333-8FDC-42A3-9474-1A3956D46DE8}") = "Presentation", "Presentation", "{A3DD5A63-941D-4045-815E-2A67AC87BCB0}"
EndProject
Project("{2150E333-8FDC-42A3-9474-1A3956D46DE8}") = "SupportModules", "SupportModules", "{73BD583A-27EB-4620-873E-3DD14212BD36}"
EndProject
Project("{2150E333-8FDC-42A3-9474-1A3956D46DE8}") = "SupportModules", "SupportModules", "{FF97721F-AA17-4677-9A32-94B63F995DD8}"
EndProject
Project("{9A19103F-16F7-4668-BE54-9A1E7A4F7556}") = "OmmelSamvirke2024.Web", "Src\Presentation\OmmelSamvirke2024.Web\OmmelSamvirke2024.Web.csproj", "{66F82425-88CB-4E35-BA64-E55BEF6E9705}"
EndProject
Project("{9A19103F-16F7-4668-BE54-9A1E7A4F7556}") = "Logging", "Src\SupportModules\Logging\Logging.csproj", "{2D81261C-E511-4D1D-8E21-B0BBE56033E1}"
EndProject
Project("{9A19103F-16F7-4668-BE54-9A1E7A4F7556}") = "SecretsManager", "Src\SupportModules\SecretsManager\SecretsManager.csproj", "{A7FA3F01-505D-42B5-9809-8A02C82245F4}"
EndProject
Project("{9A19103F-16F7-4668-BE54-9A1E7A4F7556}") = "OmmelSamvirke2024.Api", "Src\OmmelSamvirke2024.Api\OmmelSamvirke2024.Api.csproj", "{BAE5F1C5-389D-4CB0-9E56-2ED8149D5EF2}"
EndProject
Project("{9A19103F-16F7-4668-BE54-9A1E7A4F7556}") = "Logging.Tests", "Tests\SupportModules\Logging.Tests\Logging.Tests.csproj", "{3C029267-61D0-4331-A97D-0FEBD44DDD8F}"
EndProject
Project("{9A19103F-16F7-4668-BE54-9A1E7A4F7556}") = "OmmelSamvirke2024.ServiceDefaults", "OmmelSamvirke2024.ServiceDefaults\OmmelSamvirke2024.ServiceDefaults.csproj", "{AB105647-548B-442A-ACC9-28AE57DD8CCA}"
EndProject
Project("{9A19103F-16F7-4668-BE54-9A1E7A4F7556}") = "OmmelSamvirke2024.AppHost", "OmmelSamvirke2024.AppHost\OmmelSamvirke2024.AppHost.csproj", "{4AEE12BD-33D3-4EEE-9534-B3E7B7FC3F70}"
EndProject
Project("{2150E333-8FDC-42A3-9474-1A3956D46DE8}") = "DataAccess", "DataAccess", "{0DBC8E53-3576-4EBB-879E-524A43C3075D}"
EndProject
Project("{9A19103F-16F7-4668-BE54-9A1E7A4F7556}") = "DataAccess.Common", "Src\DataAccess\DataAccess.Common\DataAccess.Common.csproj", "{4B41C0EE-7055-465F-B601-63CC20A74FCB}"
EndProject
Project("{9A19103F-16F7-4668-BE54-9A1E7A4F7556}") = "Emails.DataAccess", "Src\DataAccess\Emails.DataAccess\Emails.DataAccess.csproj", "{36731A22-87B1-4457-8531-4268E7C34866}"
EndProject
Project("{9A19103F-16F7-4668-BE54-9A1E7A4F7556}") = "TestDatabaseFixtures", "Tests\TestDatabaseFixtures\TestDatabaseFixtures.csproj", "{A496A248-9047-4127-ACA7-6FEE9B7B7DC3}"
EndProject
Project("{9A19103F-16F7-4668-BE54-9A1E7A4F7556}") = "MediatrConfig", "Src\SupportModules\MediatrConfig\MediatrConfig.csproj", "{9959464B-4374-4612-B9D9-9342E5548424}"
EndProject
Project("{2150E333-8FDC-42A3-9474-1A3956D46DE8}") = "DomainModules", "DomainModules", "{2E377B1C-64CC-434B-8BCB-607BEB26E099}"
EndProject
Project("{9A19103F-16F7-4668-BE54-9A1E7A4F7556}") = "Emails.Services", "Src\ServiceModules\Emails.Services\Emails.Services.csproj", "{3FDC2A27-C6C2-41AD-9CB9-34889905B151}"
EndProject
Project("{9A19103F-16F7-4668-BE54-9A1E7A4F7556}") = "NewsletterEngine", "Src\ServiceModules\NewsletterEngine\NewsletterEngine.csproj", "{6E114ECA-BEA7-4F37-B417-59755ACB0D0F}"
EndProject
Project("{9A19103F-16F7-4668-BE54-9A1E7A4F7556}") = "EmailWrapper.Tests", "Tests\ServiceModules\EmailWrapper.Tests\EmailWrapper.Tests.csproj", "{3B562771-66FB-4FCF-9E55-BC32EF8D3159}"
EndProject
Project("{9A19103F-16F7-4668-BE54-9A1E7A4F7556}") = "NewsletterEngine.Tests", "Tests\ServiceModules\NewsletterEngine.Tests\NewsletterEngine.Tests.csproj", "{AE101960-FD82-4595-9090-B39D9786D16D}"
EndProject
Project("{9A19103F-16F7-4668-BE54-9A1E7A4F7556}") = "Emails.Domain", "Src\DomainModules\Emails.Domain\Emails.Domain.csproj", "{92F32E24-4732-4670-8112-1F49F8E0E8CB}"
EndProject
Project("{FAE04EC0-301F-11D3-BF4B-00C04F79EFBC}") = "Domain.Common", "Src\DomainModules\Domain.Common\Domain.Common.csproj", "{8C329CEC-EC7F-495D-B106-E910FF115BDB}"
EndProject
Global
	GlobalSection(SolutionConfigurationPlatforms) = preSolution
		Debug|Any CPU = Debug|Any CPU
		Release|Any CPU = Release|Any CPU
	EndGlobalSection
	GlobalSection(ProjectConfigurationPlatforms) = postSolution
		{66F82425-88CB-4E35-BA64-E55BEF6E9705}.Debug|Any CPU.ActiveCfg = Debug|Any CPU
		{66F82425-88CB-4E35-BA64-E55BEF6E9705}.Debug|Any CPU.Build.0 = Debug|Any CPU
		{66F82425-88CB-4E35-BA64-E55BEF6E9705}.Release|Any CPU.ActiveCfg = Release|Any CPU
		{66F82425-88CB-4E35-BA64-E55BEF6E9705}.Release|Any CPU.Build.0 = Release|Any CPU
		{2D81261C-E511-4D1D-8E21-B0BBE56033E1}.Debug|Any CPU.ActiveCfg = Debug|Any CPU
		{2D81261C-E511-4D1D-8E21-B0BBE56033E1}.Debug|Any CPU.Build.0 = Debug|Any CPU
		{2D81261C-E511-4D1D-8E21-B0BBE56033E1}.Release|Any CPU.ActiveCfg = Release|Any CPU
		{2D81261C-E511-4D1D-8E21-B0BBE56033E1}.Release|Any CPU.Build.0 = Release|Any CPU
		{A7FA3F01-505D-42B5-9809-8A02C82245F4}.Debug|Any CPU.ActiveCfg = Debug|Any CPU
		{A7FA3F01-505D-42B5-9809-8A02C82245F4}.Debug|Any CPU.Build.0 = Debug|Any CPU
		{A7FA3F01-505D-42B5-9809-8A02C82245F4}.Release|Any CPU.ActiveCfg = Release|Any CPU
		{A7FA3F01-505D-42B5-9809-8A02C82245F4}.Release|Any CPU.Build.0 = Release|Any CPU
		{BAE5F1C5-389D-4CB0-9E56-2ED8149D5EF2}.Debug|Any CPU.ActiveCfg = Debug|Any CPU
		{BAE5F1C5-389D-4CB0-9E56-2ED8149D5EF2}.Debug|Any CPU.Build.0 = Debug|Any CPU
		{BAE5F1C5-389D-4CB0-9E56-2ED8149D5EF2}.Release|Any CPU.ActiveCfg = Release|Any CPU
		{BAE5F1C5-389D-4CB0-9E56-2ED8149D5EF2}.Release|Any CPU.Build.0 = Release|Any CPU
		{3C029267-61D0-4331-A97D-0FEBD44DDD8F}.Debug|Any CPU.ActiveCfg = Debug|Any CPU
		{3C029267-61D0-4331-A97D-0FEBD44DDD8F}.Debug|Any CPU.Build.0 = Debug|Any CPU
		{3C029267-61D0-4331-A97D-0FEBD44DDD8F}.Release|Any CPU.ActiveCfg = Release|Any CPU
		{3C029267-61D0-4331-A97D-0FEBD44DDD8F}.Release|Any CPU.Build.0 = Release|Any CPU
		{AB105647-548B-442A-ACC9-28AE57DD8CCA}.Debug|Any CPU.ActiveCfg = Debug|Any CPU
		{AB105647-548B-442A-ACC9-28AE57DD8CCA}.Debug|Any CPU.Build.0 = Debug|Any CPU
		{AB105647-548B-442A-ACC9-28AE57DD8CCA}.Release|Any CPU.ActiveCfg = Release|Any CPU
		{AB105647-548B-442A-ACC9-28AE57DD8CCA}.Release|Any CPU.Build.0 = Release|Any CPU
		{4AEE12BD-33D3-4EEE-9534-B3E7B7FC3F70}.Debug|Any CPU.ActiveCfg = Debug|Any CPU
		{4AEE12BD-33D3-4EEE-9534-B3E7B7FC3F70}.Debug|Any CPU.Build.0 = Debug|Any CPU
		{4AEE12BD-33D3-4EEE-9534-B3E7B7FC3F70}.Release|Any CPU.ActiveCfg = Release|Any CPU
		{4AEE12BD-33D3-4EEE-9534-B3E7B7FC3F70}.Release|Any CPU.Build.0 = Release|Any CPU
		{4B41C0EE-7055-465F-B601-63CC20A74FCB}.Debug|Any CPU.ActiveCfg = Debug|Any CPU
		{4B41C0EE-7055-465F-B601-63CC20A74FCB}.Debug|Any CPU.Build.0 = Debug|Any CPU
		{4B41C0EE-7055-465F-B601-63CC20A74FCB}.Release|Any CPU.ActiveCfg = Release|Any CPU
		{4B41C0EE-7055-465F-B601-63CC20A74FCB}.Release|Any CPU.Build.0 = Release|Any CPU
		{36731A22-87B1-4457-8531-4268E7C34866}.Debug|Any CPU.ActiveCfg = Debug|Any CPU
		{36731A22-87B1-4457-8531-4268E7C34866}.Debug|Any CPU.Build.0 = Debug|Any CPU
		{36731A22-87B1-4457-8531-4268E7C34866}.Release|Any CPU.ActiveCfg = Release|Any CPU
		{36731A22-87B1-4457-8531-4268E7C34866}.Release|Any CPU.Build.0 = Release|Any CPU
		{A496A248-9047-4127-ACA7-6FEE9B7B7DC3}.Debug|Any CPU.ActiveCfg = Debug|Any CPU
		{A496A248-9047-4127-ACA7-6FEE9B7B7DC3}.Debug|Any CPU.Build.0 = Debug|Any CPU
		{A496A248-9047-4127-ACA7-6FEE9B7B7DC3}.Release|Any CPU.ActiveCfg = Release|Any CPU
		{A496A248-9047-4127-ACA7-6FEE9B7B7DC3}.Release|Any CPU.Build.0 = Release|Any CPU
		{9959464B-4374-4612-B9D9-9342E5548424}.Debug|Any CPU.ActiveCfg = Debug|Any CPU
		{9959464B-4374-4612-B9D9-9342E5548424}.Debug|Any CPU.Build.0 = Debug|Any CPU
		{9959464B-4374-4612-B9D9-9342E5548424}.Release|Any CPU.ActiveCfg = Release|Any CPU
		{9959464B-4374-4612-B9D9-9342E5548424}.Release|Any CPU.Build.0 = Release|Any CPU
		{3FDC2A27-C6C2-41AD-9CB9-34889905B151}.Debug|Any CPU.ActiveCfg = Debug|Any CPU
		{3FDC2A27-C6C2-41AD-9CB9-34889905B151}.Debug|Any CPU.Build.0 = Debug|Any CPU
		{3FDC2A27-C6C2-41AD-9CB9-34889905B151}.Release|Any CPU.ActiveCfg = Release|Any CPU
		{3FDC2A27-C6C2-41AD-9CB9-34889905B151}.Release|Any CPU.Build.0 = Release|Any CPU
		{6E114ECA-BEA7-4F37-B417-59755ACB0D0F}.Debug|Any CPU.ActiveCfg = Debug|Any CPU
		{6E114ECA-BEA7-4F37-B417-59755ACB0D0F}.Debug|Any CPU.Build.0 = Debug|Any CPU
		{6E114ECA-BEA7-4F37-B417-59755ACB0D0F}.Release|Any CPU.ActiveCfg = Release|Any CPU
		{6E114ECA-BEA7-4F37-B417-59755ACB0D0F}.Release|Any CPU.Build.0 = Release|Any CPU
		{3B562771-66FB-4FCF-9E55-BC32EF8D3159}.Debug|Any CPU.ActiveCfg = Debug|Any CPU
		{3B562771-66FB-4FCF-9E55-BC32EF8D3159}.Debug|Any CPU.Build.0 = Debug|Any CPU
		{3B562771-66FB-4FCF-9E55-BC32EF8D3159}.Release|Any CPU.ActiveCfg = Release|Any CPU
		{3B562771-66FB-4FCF-9E55-BC32EF8D3159}.Release|Any CPU.Build.0 = Release|Any CPU
		{AE101960-FD82-4595-9090-B39D9786D16D}.Debug|Any CPU.ActiveCfg = Debug|Any CPU
		{AE101960-FD82-4595-9090-B39D9786D16D}.Debug|Any CPU.Build.0 = Debug|Any CPU
		{AE101960-FD82-4595-9090-B39D9786D16D}.Release|Any CPU.ActiveCfg = Release|Any CPU
		{AE101960-FD82-4595-9090-B39D9786D16D}.Release|Any CPU.Build.0 = Release|Any CPU
		{92F32E24-4732-4670-8112-1F49F8E0E8CB}.Debug|Any CPU.ActiveCfg = Debug|Any CPU
		{92F32E24-4732-4670-8112-1F49F8E0E8CB}.Debug|Any CPU.Build.0 = Debug|Any CPU
		{92F32E24-4732-4670-8112-1F49F8E0E8CB}.Release|Any CPU.ActiveCfg = Release|Any CPU
		{92F32E24-4732-4670-8112-1F49F8E0E8CB}.Release|Any CPU.Build.0 = Release|Any CPU
		{8C329CEC-EC7F-495D-B106-E910FF115BDB}.Debug|Any CPU.ActiveCfg = Debug|Any CPU
		{8C329CEC-EC7F-495D-B106-E910FF115BDB}.Debug|Any CPU.Build.0 = Debug|Any CPU
		{8C329CEC-EC7F-495D-B106-E910FF115BDB}.Release|Any CPU.ActiveCfg = Release|Any CPU
		{8C329CEC-EC7F-495D-B106-E910FF115BDB}.Release|Any CPU.Build.0 = Release|Any CPU
	EndGlobalSection
	GlobalSection(SolutionProperties) = preSolution
		HideSolutionNode = FALSE
	EndGlobalSection
	GlobalSection(NestedProjects) = preSolution
		{E7345413-ABA5-4B77-953D-929E7024E833} = {1767E06F-F9A9-4AC1-B104-F2738897CEC1}
		{F0324CB7-789E-404D-909C-36FD4EB44275} = {1767E06F-F9A9-4AC1-B104-F2738897CEC1}
		{CC5ADD94-2792-4819-9FEA-5F299F3C9DFE} = {18D14DFA-B713-4469-A915-CADB792BE8B3}
		{A3DD5A63-941D-4045-815E-2A67AC87BCB0} = {18D14DFA-B713-4469-A915-CADB792BE8B3}
		{73BD583A-27EB-4620-873E-3DD14212BD36} = {1767E06F-F9A9-4AC1-B104-F2738897CEC1}
		{FF97721F-AA17-4677-9A32-94B63F995DD8} = {18D14DFA-B713-4469-A915-CADB792BE8B3}
		{66F82425-88CB-4E35-BA64-E55BEF6E9705} = {E7345413-ABA5-4B77-953D-929E7024E833}
		{2D81261C-E511-4D1D-8E21-B0BBE56033E1} = {73BD583A-27EB-4620-873E-3DD14212BD36}
		{A7FA3F01-505D-42B5-9809-8A02C82245F4} = {73BD583A-27EB-4620-873E-3DD14212BD36}
		{BAE5F1C5-389D-4CB0-9E56-2ED8149D5EF2} = {1767E06F-F9A9-4AC1-B104-F2738897CEC1}
		{3C029267-61D0-4331-A97D-0FEBD44DDD8F} = {FF97721F-AA17-4677-9A32-94B63F995DD8}
		{0DBC8E53-3576-4EBB-879E-524A43C3075D} = {1767E06F-F9A9-4AC1-B104-F2738897CEC1}
		{4B41C0EE-7055-465F-B601-63CC20A74FCB} = {0DBC8E53-3576-4EBB-879E-524A43C3075D}
		{36731A22-87B1-4457-8531-4268E7C34866} = {0DBC8E53-3576-4EBB-879E-524A43C3075D}
		{A496A248-9047-4127-ACA7-6FEE9B7B7DC3} = {18D14DFA-B713-4469-A915-CADB792BE8B3}
		{9959464B-4374-4612-B9D9-9342E5548424} = {73BD583A-27EB-4620-873E-3DD14212BD36}
		{2E377B1C-64CC-434B-8BCB-607BEB26E099} = {1767E06F-F9A9-4AC1-B104-F2738897CEC1}
		{3FDC2A27-C6C2-41AD-9CB9-34889905B151} = {F0324CB7-789E-404D-909C-36FD4EB44275}
		{6E114ECA-BEA7-4F37-B417-59755ACB0D0F} = {F0324CB7-789E-404D-909C-36FD4EB44275}
		{3B562771-66FB-4FCF-9E55-BC32EF8D3159} = {CC5ADD94-2792-4819-9FEA-5F299F3C9DFE}
		{AE101960-FD82-4595-9090-B39D9786D16D} = {CC5ADD94-2792-4819-9FEA-5F299F3C9DFE}
		{92F32E24-4732-4670-8112-1F49F8E0E8CB} = {2E377B1C-64CC-434B-8BCB-607BEB26E099}
		{8C329CEC-EC7F-495D-B106-E910FF115BDB} = {2E377B1C-64CC-434B-8BCB-607BEB26E099}
	EndGlobalSection
	GlobalSection(ExtensibilityGlobals) = postSolution
		SolutionGuid = {43FB53F9-CA0A-48E8-AAC8-360182CF1E7E}
	EndGlobalSection
EndGlobal
