
Microsoft Visual Studio Solution File, Format Version 12.00
Project("{FAE04EC0-301F-11D3-BF4B-00C04F79EFBC}") = "OmmelSamvirke2024.AppHost", "OmmelSamvirke2024\OmmelSamvirke2024.AppHost\OmmelSamvirke2024.AppHost.csproj", "{CC9A4934-04AC-42D9-AC19-38129C6437E0}"
EndProject
Project("{FAE04EC0-301F-11D3-BF4B-00C04F79EFBC}") = "OmmelSamvirke2024.ServiceDefaults", "OmmelSamvirke2024\OmmelSamvirke2024.ServiceDefaults\OmmelSamvirke2024.ServiceDefaults.csproj", "{3E5FCA78-DF01-43A8-864F-C8DCD19ED31F}"
EndProject
Project("{FAE04EC0-301F-11D3-BF4B-00C04F79EFBC}") = "OmmelSamvirke2024.ApiService", "OmmelSamvirke2024\OmmelSamvirke2024.ApiService\OmmelSamvirke2024.ApiService.csproj", "{11279204-70A5-4D07-A37F-6665952D6B1D}"
EndProject
Project("{FAE04EC0-301F-11D3-BF4B-00C04F79EFBC}") = "OmmelSamvirke2024.Web", "OmmelSamvirke2024\OmmelSamvirke2024.Web\OmmelSamvirke2024.Web.csproj", "{41BC453E-C0C6-4341-B5B5-FD3F4C3AC381}"
EndProject
Project("{2150E333-8FDC-42A3-9474-1A3956D46DE8}") = "Presentation", "Presentation", "{E7345413-ABA5-4B77-953D-929E7024E833}"
EndProject
Project("{2150E333-8FDC-42A3-9474-1A3956D46DE8}") = "ApplicationModules", "ApplicationModules", "{F0324CB7-789E-404D-909C-36FD4EB44275}"
EndProject
Project("{FAE04EC0-301F-11D3-BF4B-00C04F79EFBC}") = "OmmelSamvirke2024.Persistence", "OmmelSamvirke2024.Persistence\OmmelSamvirke2024.Persistence.csproj", "{69EC88DC-3657-4878-9E04-91624FC650C2}"
EndProject
Project("{2150E333-8FDC-42A3-9474-1A3956D46DE8}") = "Src", "Src", "{1767E06F-F9A9-4AC1-B104-F2738897CEC1}"
EndProject
Project("{2150E333-8FDC-42A3-9474-1A3956D46DE8}") = "Tests", "Tests", "{18D14DFA-B713-4469-A915-CADB792BE8B3}"
EndProject
Project("{FAE04EC0-301F-11D3-BF4B-00C04F79EFBC}") = "OmmelSamvirke2024.Domain", "OmmelSamvirke2024.Domain\OmmelSamvirke2024.Domain.csproj", "{0B445BB7-4548-4955-A7FB-978CC5557579}"
EndProject
Project("{FAE04EC0-301F-11D3-BF4B-00C04F79EFBC}") = "Logging", "Logging\Logging.csproj", "{E95D80FE-BCA0-4DB4-A9B2-34B67E05E7E3}"
EndProject
Project("{2150E333-8FDC-42A3-9474-1A3956D46DE8}") = "ApplicationModules", "ApplicationModules", "{CC5ADD94-2792-4819-9FEA-5F299F3C9DFE}"
EndProject
Project("{2150E333-8FDC-42A3-9474-1A3956D46DE8}") = "Presentation", "Presentation", "{A3DD5A63-941D-4045-815E-2A67AC87BCB0}"
EndProject
Project("{FAE04EC0-301F-11D3-BF4B-00C04F79EFBC}") = "Logging.Tests", "Logging.Tests\Logging.Tests.csproj", "{1F3534F2-31AE-4898-8020-806460FB5A59}"
EndProject
Global
	GlobalSection(SolutionConfigurationPlatforms) = preSolution
		Debug|Any CPU = Debug|Any CPU
		Release|Any CPU = Release|Any CPU
	EndGlobalSection
	GlobalSection(ProjectConfigurationPlatforms) = postSolution
		{CC9A4934-04AC-42D9-AC19-38129C6437E0}.Debug|Any CPU.ActiveCfg = Debug|Any CPU
		{CC9A4934-04AC-42D9-AC19-38129C6437E0}.Debug|Any CPU.Build.0 = Debug|Any CPU
		{CC9A4934-04AC-42D9-AC19-38129C6437E0}.Release|Any CPU.ActiveCfg = Release|Any CPU
		{CC9A4934-04AC-42D9-AC19-38129C6437E0}.Release|Any CPU.Build.0 = Release|Any CPU
		{3E5FCA78-DF01-43A8-864F-C8DCD19ED31F}.Debug|Any CPU.ActiveCfg = Debug|Any CPU
		{3E5FCA78-DF01-43A8-864F-C8DCD19ED31F}.Debug|Any CPU.Build.0 = Debug|Any CPU
		{3E5FCA78-DF01-43A8-864F-C8DCD19ED31F}.Release|Any CPU.ActiveCfg = Release|Any CPU
		{3E5FCA78-DF01-43A8-864F-C8DCD19ED31F}.Release|Any CPU.Build.0 = Release|Any CPU
		{11279204-70A5-4D07-A37F-6665952D6B1D}.Debug|Any CPU.ActiveCfg = Debug|Any CPU
		{11279204-70A5-4D07-A37F-6665952D6B1D}.Debug|Any CPU.Build.0 = Debug|Any CPU
		{11279204-70A5-4D07-A37F-6665952D6B1D}.Release|Any CPU.ActiveCfg = Release|Any CPU
		{11279204-70A5-4D07-A37F-6665952D6B1D}.Release|Any CPU.Build.0 = Release|Any CPU
		{41BC453E-C0C6-4341-B5B5-FD3F4C3AC381}.Debug|Any CPU.ActiveCfg = Debug|Any CPU
		{41BC453E-C0C6-4341-B5B5-FD3F4C3AC381}.Debug|Any CPU.Build.0 = Debug|Any CPU
		{41BC453E-C0C6-4341-B5B5-FD3F4C3AC381}.Release|Any CPU.ActiveCfg = Release|Any CPU
		{41BC453E-C0C6-4341-B5B5-FD3F4C3AC381}.Release|Any CPU.Build.0 = Release|Any CPU
		{69EC88DC-3657-4878-9E04-91624FC650C2}.Debug|Any CPU.ActiveCfg = Debug|Any CPU
		{69EC88DC-3657-4878-9E04-91624FC650C2}.Debug|Any CPU.Build.0 = Debug|Any CPU
		{69EC88DC-3657-4878-9E04-91624FC650C2}.Release|Any CPU.ActiveCfg = Release|Any CPU
		{69EC88DC-3657-4878-9E04-91624FC650C2}.Release|Any CPU.Build.0 = Release|Any CPU
		{0B445BB7-4548-4955-A7FB-978CC5557579}.Debug|Any CPU.ActiveCfg = Debug|Any CPU
		{0B445BB7-4548-4955-A7FB-978CC5557579}.Debug|Any CPU.Build.0 = Debug|Any CPU
		{0B445BB7-4548-4955-A7FB-978CC5557579}.Release|Any CPU.ActiveCfg = Release|Any CPU
		{0B445BB7-4548-4955-A7FB-978CC5557579}.Release|Any CPU.Build.0 = Release|Any CPU
		{E95D80FE-BCA0-4DB4-A9B2-34B67E05E7E3}.Debug|Any CPU.ActiveCfg = Debug|Any CPU
		{E95D80FE-BCA0-4DB4-A9B2-34B67E05E7E3}.Debug|Any CPU.Build.0 = Debug|Any CPU
		{E95D80FE-BCA0-4DB4-A9B2-34B67E05E7E3}.Release|Any CPU.ActiveCfg = Release|Any CPU
		{E95D80FE-BCA0-4DB4-A9B2-34B67E05E7E3}.Release|Any CPU.Build.0 = Release|Any CPU
		{1F3534F2-31AE-4898-8020-806460FB5A59}.Debug|Any CPU.ActiveCfg = Debug|Any CPU
		{1F3534F2-31AE-4898-8020-806460FB5A59}.Debug|Any CPU.Build.0 = Debug|Any CPU
		{1F3534F2-31AE-4898-8020-806460FB5A59}.Release|Any CPU.ActiveCfg = Release|Any CPU
		{1F3534F2-31AE-4898-8020-806460FB5A59}.Release|Any CPU.Build.0 = Release|Any CPU
	EndGlobalSection
	GlobalSection(NestedProjects) = preSolution
		{41BC453E-C0C6-4341-B5B5-FD3F4C3AC381} = {E7345413-ABA5-4B77-953D-929E7024E833}
		{11279204-70A5-4D07-A37F-6665952D6B1D} = {1767E06F-F9A9-4AC1-B104-F2738897CEC1}
		{69EC88DC-3657-4878-9E04-91624FC650C2} = {1767E06F-F9A9-4AC1-B104-F2738897CEC1}
		{E7345413-ABA5-4B77-953D-929E7024E833} = {1767E06F-F9A9-4AC1-B104-F2738897CEC1}
		{F0324CB7-789E-404D-909C-36FD4EB44275} = {1767E06F-F9A9-4AC1-B104-F2738897CEC1}
		{0B445BB7-4548-4955-A7FB-978CC5557579} = {1767E06F-F9A9-4AC1-B104-F2738897CEC1}
		{E95D80FE-BCA0-4DB4-A9B2-34B67E05E7E3} = {F0324CB7-789E-404D-909C-36FD4EB44275}
		{CC5ADD94-2792-4819-9FEA-5F299F3C9DFE} = {18D14DFA-B713-4469-A915-CADB792BE8B3}
		{A3DD5A63-941D-4045-815E-2A67AC87BCB0} = {18D14DFA-B713-4469-A915-CADB792BE8B3}
		{1F3534F2-31AE-4898-8020-806460FB5A59} = {CC5ADD94-2792-4819-9FEA-5F299F3C9DFE}
	EndGlobalSection
EndGlobal
