
Microsoft Visual Studio Solution File, Format Version 12.00
# Visual Studio Version 17
VisualStudioVersion = 17.10.34804.81
MinimumVisualStudioVersion = 10.0.40219.1
Project("{2150E333-8FDC-42A3-9474-1A3956D46DE8}") = "Presentation", "Presentation", "{E7345413-ABA5-4B77-953D-929E7024E833}"
EndProject
Project("{2150E333-8FDC-42A3-9474-1A3956D46DE8}") = "ServiceModules", "ServiceModules", "{F0324CB7-789E-404D-909C-36FD4EB44275}"
EndProject
Project("{2150E333-8FDC-42A3-9474-1A3956D46DE8}") = "Src", "Src", "{1767E06F-F9A9-4AC1-B104-F2738897CEC1}"
EndProject
Project("{2150E333-8FDC-42A3-9474-1A3956D46DE8}") = "Tests", "Tests", "{18D14DFA-B713-4469-A915-CADB792BE8B3}"
EndProject
Project("{2150E333-8FDC-42A3-9474-1A3956D46DE8}") = "ServiceModules", "ServiceModules", "{CC5ADD94-2792-4819-9FEA-5F299F3C9DFE}"
EndProject
Project("{2150E333-8FDC-42A3-9474-1A3956D46DE8}") = "Presentation", "Presentation", "{A3DD5A63-941D-4045-815E-2A67AC87BCB0}"
EndProject
Project("{2150E333-8FDC-42A3-9474-1A3956D46DE8}") = "SupportModules", "SupportModules", "{73BD583A-27EB-4620-873E-3DD14212BD36}"
EndProject
Project("{2150E333-8FDC-42A3-9474-1A3956D46DE8}") = "SupportModules", "SupportModules", "{FF97721F-AA17-4677-9A32-94B63F995DD8}"
EndProject
Project("{9A19103F-16F7-4668-BE54-9A1E7A4F7556}") = "OmmelSamvirke2024.Web", "Src\Presentation\OmmelSamvirke2024.Web\OmmelSamvirke2024.Web.csproj", "{66F82425-88CB-4E35-BA64-E55BEF6E9705}"
EndProject
Project("{9A19103F-16F7-4668-BE54-9A1E7A4F7556}") = "Logging", "Src\SupportModules\Logging\Logging.csproj", "{2D81261C-E511-4D1D-8E21-B0BBE56033E1}"
EndProject
Project("{9A19103F-16F7-4668-BE54-9A1E7A4F7556}") = "SecretsManager", "Src\SupportModules\SecretsManager\SecretsManager.csproj", "{A7FA3F01-505D-42B5-9809-8A02C82245F4}"
EndProject
Project("{9A19103F-16F7-4668-BE54-9A1E7A4F7556}") = "OmmelSamvirke2024.Api", "Src\OmmelSamvirke2024.Api\OmmelSamvirke2024.Api.csproj", "{BAE5F1C5-389D-4CB0-9E56-2ED8149D5EF2}"
EndProject
Project("{9A19103F-16F7-4668-BE54-9A1E7A4F7556}") = "Logging.Tests", "Tests\SupportModules\Logging.Tests\Logging.Tests.csproj", "{3C029267-61D0-4331-A97D-0FEBD44DDD8F}"
EndProject
Project("{9A19103F-16F7-4668-BE54-9A1E7A4F7556}") = "OmmelSamvirke2024.ServiceDefaults", "OmmelSamvirke2024.ServiceDefaults\OmmelSamvirke2024.ServiceDefaults.csproj", "{AB105647-548B-442A-ACC9-28AE57DD8CCA}"
EndProject
Project("{9A19103F-16F7-4668-BE54-9A1E7A4F7556}") = "OmmelSamvirke2024.AppHost", "OmmelSamvirke2024.AppHost\OmmelSamvirke2024.AppHost.csproj", "{4AEE12BD-33D3-4EEE-9534-B3E7B7FC3F70}"
EndProject
Project("{2150E333-8FDC-42A3-9474-1A3956D46DE8}") = "DataAccess", "DataAccess", "{0DBC8E53-3576-4EBB-879E-524A43C3075D}"
EndProject
Project("{9A19103F-16F7-4668-BE54-9A1E7A4F7556}") = "DataAccess.Base", "Src\DataAccess\DataAccess.Base\DataAccess.Base.csproj", "{4B41C0EE-7055-465F-B601-63CC20A74FCB}"
EndProject
Project("{9A19103F-16F7-4668-BE54-9A1E7A4F7556}") = "Emails.DataAccess", "Src\DataAccess\Emails.DataAccess\Emails.DataAccess.csproj", "{36731A22-87B1-4457-8531-4268E7C34866}"
EndProject
Project("{9A19103F-16F7-4668-BE54-9A1E7A4F7556}") = "TestDatabaseFixtures", "Tests\TestDatabaseFixtures\TestDatabaseFixtures.csproj", "{A496A248-9047-4127-ACA7-6FEE9B7B7DC3}"
EndProject
Project("{9A19103F-16F7-4668-BE54-9A1E7A4F7556}") = "MediatrConfig", "Src\SupportModules\MediatrConfig\MediatrConfig.csproj", "{9959464B-4374-4612-B9D9-9342E5548424}"
EndProject
Project("{2150E333-8FDC-42A3-9474-1A3956D46DE8}") = "DomainModules", "DomainModules", "{2E377B1C-64CC-434B-8BCB-607BEB26E099}"
EndProject
Project("{9A19103F-16F7-4668-BE54-9A1E7A4F7556}") = "Emails.Services", "Src\ServiceModules\Emails.Services\Emails.Services.csproj", "{3FDC2A27-C6C2-41AD-9CB9-34889905B151}"
EndProject
Project("{9A19103F-16F7-4668-BE54-9A1E7A4F7556}") = "NewsletterEngine", "Src\ServiceModules\NewsletterEngine\NewsletterEngine.csproj", "{6E114ECA-BEA7-4F37-B417-59755ACB0D0F}"
EndProject
Project("{9A19103F-16F7-4668-BE54-9A1E7A4F7556}") = "Emails.Domain", "Src\DomainModules\Emails.Domain\Emails.Domain.csproj", "{92F32E24-4732-4670-8112-1F49F8E0E8CB}"
EndProject
Project("{FAE04EC0-301F-11D3-BF4B-00C04F79EFBC}") = "Domain.Common", "Src\DomainModules\Domain.Common\Domain.Common.csproj", "{8C329CEC-EC7F-495D-B106-E910FF115BDB}"
EndProject
Project("{2150E333-8FDC-42A3-9474-1A3956D46DE8}") = "DataAccess", "DataAccess", "{2A9F08E7-8FF3-48B6-8D0B-44A3340EB10F}"
EndProject
Project("{2150E333-8FDC-42A3-9474-1A3956D46DE8}") = "DomainModules", "DomainModules", "{5015461A-3812-4D71-8B3C-323776213859}"
EndProject
Project("{FAE04EC0-301F-11D3-BF4B-00C04F79EFBC}") = "Emails.Domain.Tests", "Tests\DomainModules\Emails.Domain.Tests\Emails.Domain.Tests.csproj", "{68E3E237-2584-4D85-9ABF-C684A71027CA}"
EndProject
Project("{2150E333-8FDC-42A3-9474-1A3956D46DE8}") = "DTOs", "DTOs", "{51DCD7E6-DB72-4424-921F-5F5164D6B003}"
EndProject
Project("{FAE04EC0-301F-11D3-BF4B-00C04F79EFBC}") = "Emails.DTOs", "Src\DTOs\Emails.DTOs\Emails.DTOs.csproj", "{0B68BEC0-6074-405D-AD26-6A804FB9FC44}"
EndProject
Project("{FAE04EC0-301F-11D3-BF4B-00C04F79EFBC}") = "DataAccess.Common.Tests", "Tests\DataAccess\DataAccess.Common.Tests\DataAccess.Common.Tests.csproj", "{CA8C8070-5278-4B42-BCB9-0737D442142E}"
EndProject
Project("{FAE04EC0-301F-11D3-BF4B-00C04F79EFBC}") = "Emails.DataAccess.Tests", "Tests\DataAccess\Emails.DataAccess.Tests\Emails.DataAccess.Tests.csproj", "{EFE0679A-F810-4EFF-9C69-AAC765FF3692}"
EndProject
Project("{FAE04EC0-301F-11D3-BF4B-00C04F79EFBC}") = "DataAccess.Common", "Src\DataAccess\DataAccess.Common\DataAccess.Common.csproj", "{49341DC5-ED2F-400C-A670-0FE80EF9DB54}"
EndProject
Project("{FAE04EC0-301F-11D3-BF4B-00C04F79EFBC}") = "Emails.Services.Tests", "Tests\ServiceModules\Emails.Services.Tests\Emails.Services.Tests.csproj", "{12B33952-6029-4A1D-AEED-FCEF2A243D5B}"
EndProject
Project("{2150E333-8FDC-42A3-9474-1A3956D46DE8}") = "Infrastructure", "Infrastructure", "{96E079F3-70C1-49E0-8DC6-64BC911D27C5}"
EndProject
Project("{2150E333-8FDC-42A3-9474-1A3956D46DE8}") = "Infrastructure", "Infrastructure", "{C188B725-D113-41DD-B590-14A4A24CFC41}"
EndProject
Project("{FAE04EC0-301F-11D3-BF4B-00C04F79EFBC}") = "Emails.Infrastructure", "Src\Infrastructure\Emails.Infrastructure\Emails.Infrastructure.csproj", "{D6BE1E4E-546D-4D53-A35E-2C10DBDAAD01}"
EndProject
Project("{FAE04EC0-301F-11D3-BF4B-00C04F79EFBC}") = "Emails.Infrastructure.Tests", "Tests\Infrastructure\Emails.Infrastructure.Tests\Emails.Infrastructure.Tests.csproj", "{27496A0B-4B02-4BAF-ACA0-A59F30C5C247}"
EndProject
Global
	GlobalSection(SolutionConfigurationPlatforms) = preSolution
		Debug|Any CPU = Debug|Any CPU
		Release|Any CPU = Release|Any CPU
	EndGlobalSection
	GlobalSection(ProjectConfigurationPlatforms) = postSolution
		{66F82425-88CB-4E35-BA64-E55BEF6E9705}.Debug|Any CPU.ActiveCfg = Debug|Any CPU
		{66F82425-88CB-4E35-BA64-E55BEF6E9705}.Debug|Any CPU.Build.0 = Debug|Any CPU
		{66F82425-88CB-4E35-BA64-E55BEF6E9705}.Release|Any CPU.ActiveCfg = Release|Any CPU
		{66F82425-88CB-4E35-BA64-E55BEF6E9705}.Release|Any CPU.Build.0 = Release|Any CPU
		{2D81261C-E511-4D1D-8E21-B0BBE56033E1}.Debug|Any CPU.ActiveCfg = Debug|Any CPU
		{2D81261C-E511-4D1D-8E21-B0BBE56033E1}.Debug|Any CPU.Build.0 = Debug|Any CPU
		{2D81261C-E511-4D1D-8E21-B0BBE56033E1}.Release|Any CPU.ActiveCfg = Release|Any CPU
		{2D81261C-E511-4D1D-8E21-B0BBE56033E1}.Release|Any CPU.Build.0 = Release|Any CPU
		{A7FA3F01-505D-42B5-9809-8A02C82245F4}.Debug|Any CPU.ActiveCfg = Debug|Any CPU
		{A7FA3F01-505D-42B5-9809-8A02C82245F4}.Debug|Any CPU.Build.0 = Debug|Any CPU
		{A7FA3F01-505D-42B5-9809-8A02C82245F4}.Release|Any CPU.ActiveCfg = Release|Any CPU
		{A7FA3F01-505D-42B5-9809-8A02C82245F4}.Release|Any CPU.Build.0 = Release|Any CPU
		{BAE5F1C5-389D-4CB0-9E56-2ED8149D5EF2}.Debug|Any CPU.ActiveCfg = Debug|Any CPU
		{BAE5F1C5-389D-4CB0-9E56-2ED8149D5EF2}.Debug|Any CPU.Build.0 = Debug|Any CPU
		{BAE5F1C5-389D-4CB0-9E56-2ED8149D5EF2}.Release|Any CPU.ActiveCfg = Release|Any CPU
		{BAE5F1C5-389D-4CB0-9E56-2ED8149D5EF2}.Release|Any CPU.Build.0 = Release|Any CPU
		{3C029267-61D0-4331-A97D-0FEBD44DDD8F}.Debug|Any CPU.ActiveCfg = Debug|Any CPU
		{3C029267-61D0-4331-A97D-0FEBD44DDD8F}.Debug|Any CPU.Build.0 = Debug|Any CPU
		{3C029267-61D0-4331-A97D-0FEBD44DDD8F}.Release|Any CPU.ActiveCfg = Release|Any CPU
		{3C029267-61D0-4331-A97D-0FEBD44DDD8F}.Release|Any CPU.Build.0 = Release|Any CPU
		{AB105647-548B-442A-ACC9-28AE57DD8CCA}.Debug|Any CPU.ActiveCfg = Debug|Any CPU
		{AB105647-548B-442A-ACC9-28AE57DD8CCA}.Debug|Any CPU.Build.0 = Debug|Any CPU
		{AB105647-548B-442A-ACC9-28AE57DD8CCA}.Release|Any CPU.ActiveCfg = Release|Any CPU
		{AB105647-548B-442A-ACC9-28AE57DD8CCA}.Release|Any CPU.Build.0 = Release|Any CPU
		{4AEE12BD-33D3-4EEE-9534-B3E7B7FC3F70}.Debug|Any CPU.ActiveCfg = Debug|Any CPU
		{4AEE12BD-33D3-4EEE-9534-B3E7B7FC3F70}.Debug|Any CPU.Build.0 = Debug|Any CPU
		{4AEE12BD-33D3-4EEE-9534-B3E7B7FC3F70}.Release|Any CPU.ActiveCfg = Release|Any CPU
		{4AEE12BD-33D3-4EEE-9534-B3E7B7FC3F70}.Release|Any CPU.Build.0 = Release|Any CPU
		{4B41C0EE-7055-465F-B601-63CC20A74FCB}.Debug|Any CPU.ActiveCfg = Debug|Any CPU
		{4B41C0EE-7055-465F-B601-63CC20A74FCB}.Debug|Any CPU.Build.0 = Debug|Any CPU
		{4B41C0EE-7055-465F-B601-63CC20A74FCB}.Release|Any CPU.ActiveCfg = Release|Any CPU
		{4B41C0EE-7055-465F-B601-63CC20A74FCB}.Release|Any CPU.Build.0 = Release|Any CPU
		{36731A22-87B1-4457-8531-4268E7C34866}.Debug|Any CPU.ActiveCfg = Debug|Any CPU
		{36731A22-87B1-4457-8531-4268E7C34866}.Debug|Any CPU.Build.0 = Debug|Any CPU
		{36731A22-87B1-4457-8531-4268E7C34866}.Release|Any CPU.ActiveCfg = Release|Any CPU
		{36731A22-87B1-4457-8531-4268E7C34866}.Release|Any CPU.Build.0 = Release|Any CPU
		{A496A248-9047-4127-ACA7-6FEE9B7B7DC3}.Debug|Any CPU.ActiveCfg = Debug|Any CPU
		{A496A248-9047-4127-ACA7-6FEE9B7B7DC3}.Debug|Any CPU.Build.0 = Debug|Any CPU
		{A496A248-9047-4127-ACA7-6FEE9B7B7DC3}.Release|Any CPU.ActiveCfg = Release|Any CPU
		{A496A248-9047-4127-ACA7-6FEE9B7B7DC3}.Release|Any CPU.Build.0 = Release|Any CPU
		{9959464B-4374-4612-B9D9-9342E5548424}.Debug|Any CPU.ActiveCfg = Debug|Any CPU
		{9959464B-4374-4612-B9D9-9342E5548424}.Debug|Any CPU.Build.0 = Debug|Any CPU
		{9959464B-4374-4612-B9D9-9342E5548424}.Release|Any CPU.ActiveCfg = Release|Any CPU
		{9959464B-4374-4612-B9D9-9342E5548424}.Release|Any CPU.Build.0 = Release|Any CPU
		{3FDC2A27-C6C2-41AD-9CB9-34889905B151}.Debug|Any CPU.ActiveCfg = Debug|Any CPU
		{3FDC2A27-C6C2-41AD-9CB9-34889905B151}.Debug|Any CPU.Build.0 = Debug|Any CPU
		{3FDC2A27-C6C2-41AD-9CB9-34889905B151}.Release|Any CPU.ActiveCfg = Release|Any CPU
		{3FDC2A27-C6C2-41AD-9CB9-34889905B151}.Release|Any CPU.Build.0 = Release|Any CPU
		{6E114ECA-BEA7-4F37-B417-59755ACB0D0F}.Debug|Any CPU.ActiveCfg = Debug|Any CPU
		{6E114ECA-BEA7-4F37-B417-59755ACB0D0F}.Debug|Any CPU.Build.0 = Debug|Any CPU
		{6E114ECA-BEA7-4F37-B417-59755ACB0D0F}.Release|Any CPU.ActiveCfg = Release|Any CPU
		{6E114ECA-BEA7-4F37-B417-59755ACB0D0F}.Release|Any CPU.Build.0 = Release|Any CPU
		{92F32E24-4732-4670-8112-1F49F8E0E8CB}.Debug|Any CPU.ActiveCfg = Debug|Any CPU
		{92F32E24-4732-4670-8112-1F49F8E0E8CB}.Debug|Any CPU.Build.0 = Debug|Any CPU
		{92F32E24-4732-4670-8112-1F49F8E0E8CB}.Release|Any CPU.ActiveCfg = Release|Any CPU
		{92F32E24-4732-4670-8112-1F49F8E0E8CB}.Release|Any CPU.Build.0 = Release|Any CPU
		{8C329CEC-EC7F-495D-B106-E910FF115BDB}.Debug|Any CPU.ActiveCfg = Debug|Any CPU
		{8C329CEC-EC7F-495D-B106-E910FF115BDB}.Debug|Any CPU.Build.0 = Debug|Any CPU
		{8C329CEC-EC7F-495D-B106-E910FF115BDB}.Release|Any CPU.ActiveCfg = Release|Any CPU
		{8C329CEC-EC7F-495D-B106-E910FF115BDB}.Release|Any CPU.Build.0 = Release|Any CPU
		{68E3E237-2584-4D85-9ABF-C684A71027CA}.Debug|Any CPU.ActiveCfg = Debug|Any CPU
		{68E3E237-2584-4D85-9ABF-C684A71027CA}.Debug|Any CPU.Build.0 = Debug|Any CPU
		{68E3E237-2584-4D85-9ABF-C684A71027CA}.Release|Any CPU.ActiveCfg = Release|Any CPU
		{68E3E237-2584-4D85-9ABF-C684A71027CA}.Release|Any CPU.Build.0 = Release|Any CPU
		{0B68BEC0-6074-405D-AD26-6A804FB9FC44}.Debug|Any CPU.ActiveCfg = Debug|Any CPU
		{0B68BEC0-6074-405D-AD26-6A804FB9FC44}.Debug|Any CPU.Build.0 = Debug|Any CPU
		{0B68BEC0-6074-405D-AD26-6A804FB9FC44}.Release|Any CPU.ActiveCfg = Release|Any CPU
		{0B68BEC0-6074-405D-AD26-6A804FB9FC44}.Release|Any CPU.Build.0 = Release|Any CPU
		{CA8C8070-5278-4B42-BCB9-0737D442142E}.Debug|Any CPU.ActiveCfg = Debug|Any CPU
		{CA8C8070-5278-4B42-BCB9-0737D442142E}.Debug|Any CPU.Build.0 = Debug|Any CPU
		{CA8C8070-5278-4B42-BCB9-0737D442142E}.Release|Any CPU.ActiveCfg = Release|Any CPU
		{CA8C8070-5278-4B42-BCB9-0737D442142E}.Release|Any CPU.Build.0 = Release|Any CPU
		{EFE0679A-F810-4EFF-9C69-AAC765FF3692}.Debug|Any CPU.ActiveCfg = Debug|Any CPU
		{EFE0679A-F810-4EFF-9C69-AAC765FF3692}.Debug|Any CPU.Build.0 = Debug|Any CPU
		{EFE0679A-F810-4EFF-9C69-AAC765FF3692}.Release|Any CPU.ActiveCfg = Release|Any CPU
		{EFE0679A-F810-4EFF-9C69-AAC765FF3692}.Release|Any CPU.Build.0 = Release|Any CPU
		{49341DC5-ED2F-400C-A670-0FE80EF9DB54}.Debug|Any CPU.ActiveCfg = Debug|Any CPU
		{49341DC5-ED2F-400C-A670-0FE80EF9DB54}.Debug|Any CPU.Build.0 = Debug|Any CPU
		{49341DC5-ED2F-400C-A670-0FE80EF9DB54}.Release|Any CPU.ActiveCfg = Release|Any CPU
		{49341DC5-ED2F-400C-A670-0FE80EF9DB54}.Release|Any CPU.Build.0 = Release|Any CPU
		{12B33952-6029-4A1D-AEED-FCEF2A243D5B}.Debug|Any CPU.ActiveCfg = Debug|Any CPU
		{12B33952-6029-4A1D-AEED-FCEF2A243D5B}.Debug|Any CPU.Build.0 = Debug|Any CPU
		{12B33952-6029-4A1D-AEED-FCEF2A243D5B}.Release|Any CPU.ActiveCfg = Release|Any CPU
		{12B33952-6029-4A1D-AEED-FCEF2A243D5B}.Release|Any CPU.Build.0 = Release|Any CPU
		{D6BE1E4E-546D-4D53-A35E-2C10DBDAAD01}.Debug|Any CPU.ActiveCfg = Debug|Any CPU
		{D6BE1E4E-546D-4D53-A35E-2C10DBDAAD01}.Debug|Any CPU.Build.0 = Debug|Any CPU
		{D6BE1E4E-546D-4D53-A35E-2C10DBDAAD01}.Release|Any CPU.ActiveCfg = Release|Any CPU
		{D6BE1E4E-546D-4D53-A35E-2C10DBDAAD01}.Release|Any CPU.Build.0 = Release|Any CPU
		{27496A0B-4B02-4BAF-ACA0-A59F30C5C247}.Debug|Any CPU.ActiveCfg = Debug|Any CPU
		{27496A0B-4B02-4BAF-ACA0-A59F30C5C247}.Debug|Any CPU.Build.0 = Debug|Any CPU
		{27496A0B-4B02-4BAF-ACA0-A59F30C5C247}.Release|Any CPU.ActiveCfg = Release|Any CPU
		{27496A0B-4B02-4BAF-ACA0-A59F30C5C247}.Release|Any CPU.Build.0 = Release|Any CPU
	EndGlobalSection
	GlobalSection(SolutionProperties) = preSolution
		HideSolutionNode = FALSE
	EndGlobalSection
	GlobalSection(NestedProjects) = preSolution
		{E7345413-ABA5-4B77-953D-929E7024E833} = {1767E06F-F9A9-4AC1-B104-F2738897CEC1}
		{F0324CB7-789E-404D-909C-36FD4EB44275} = {1767E06F-F9A9-4AC1-B104-F2738897CEC1}
		{CC5ADD94-2792-4819-9FEA-5F299F3C9DFE} = {18D14DFA-B713-4469-A915-CADB792BE8B3}
		{A3DD5A63-941D-4045-815E-2A67AC87BCB0} = {18D14DFA-B713-4469-A915-CADB792BE8B3}
		{73BD583A-27EB-4620-873E-3DD14212BD36} = {1767E06F-F9A9-4AC1-B104-F2738897CEC1}
		{FF97721F-AA17-4677-9A32-94B63F995DD8} = {18D14DFA-B713-4469-A915-CADB792BE8B3}
		{66F82425-88CB-4E35-BA64-E55BEF6E9705} = {E7345413-ABA5-4B77-953D-929E7024E833}
		{2D81261C-E511-4D1D-8E21-B0BBE56033E1} = {73BD583A-27EB-4620-873E-3DD14212BD36}
		{A7FA3F01-505D-42B5-9809-8A02C82245F4} = {73BD583A-27EB-4620-873E-3DD14212BD36}
		{BAE5F1C5-389D-4CB0-9E56-2ED8149D5EF2} = {1767E06F-F9A9-4AC1-B104-F2738897CEC1}
		{3C029267-61D0-4331-A97D-0FEBD44DDD8F} = {FF97721F-AA17-4677-9A32-94B63F995DD8}
		{0DBC8E53-3576-4EBB-879E-524A43C3075D} = {1767E06F-F9A9-4AC1-B104-F2738897CEC1}
		{4B41C0EE-7055-465F-B601-63CC20A74FCB} = {0DBC8E53-3576-4EBB-879E-524A43C3075D}
		{36731A22-87B1-4457-8531-4268E7C34866} = {0DBC8E53-3576-4EBB-879E-524A43C3075D}
		{A496A248-9047-4127-ACA7-6FEE9B7B7DC3} = {18D14DFA-B713-4469-A915-CADB792BE8B3}
		{9959464B-4374-4612-B9D9-9342E5548424} = {73BD583A-27EB-4620-873E-3DD14212BD36}
		{2E377B1C-64CC-434B-8BCB-607BEB26E099} = {1767E06F-F9A9-4AC1-B104-F2738897CEC1}
		{3FDC2A27-C6C2-41AD-9CB9-34889905B151} = {F0324CB7-789E-404D-909C-36FD4EB44275}
		{6E114ECA-BEA7-4F37-B417-59755ACB0D0F} = {F0324CB7-789E-404D-909C-36FD4EB44275}
		{92F32E24-4732-4670-8112-1F49F8E0E8CB} = {2E377B1C-64CC-434B-8BCB-607BEB26E099}
		{8C329CEC-EC7F-495D-B106-E910FF115BDB} = {2E377B1C-64CC-434B-8BCB-607BEB26E099}
		{2A9F08E7-8FF3-48B6-8D0B-44A3340EB10F} = {18D14DFA-B713-4469-A915-CADB792BE8B3}
		{5015461A-3812-4D71-8B3C-323776213859} = {18D14DFA-B713-4469-A915-CADB792BE8B3}
		{68E3E237-2584-4D85-9ABF-C684A71027CA} = {5015461A-3812-4D71-8B3C-323776213859}
		{51DCD7E6-DB72-4424-921F-5F5164D6B003} = {1767E06F-F9A9-4AC1-B104-F2738897CEC1}
		{0B68BEC0-6074-405D-AD26-6A804FB9FC44} = {51DCD7E6-DB72-4424-921F-5F5164D6B003}
		{CA8C8070-5278-4B42-BCB9-0737D442142E} = {2A9F08E7-8FF3-48B6-8D0B-44A3340EB10F}
		{EFE0679A-F810-4EFF-9C69-AAC765FF3692} = {2A9F08E7-8FF3-48B6-8D0B-44A3340EB10F}
		{49341DC5-ED2F-400C-A670-0FE80EF9DB54} = {0DBC8E53-3576-4EBB-879E-524A43C3075D}
		{12B33952-6029-4A1D-AEED-FCEF2A243D5B} = {CC5ADD94-2792-4819-9FEA-5F299F3C9DFE}
		{96E079F3-70C1-49E0-8DC6-64BC911D27C5} = {18D14DFA-B713-4469-A915-CADB792BE8B3}
		{C188B725-D113-41DD-B590-14A4A24CFC41} = {1767E06F-F9A9-4AC1-B104-F2738897CEC1}
		{D6BE1E4E-546D-4D53-A35E-2C10DBDAAD01} = {C188B725-D113-41DD-B590-14A4A24CFC41}
		{27496A0B-4B02-4BAF-ACA0-A59F30C5C247} = {96E079F3-70C1-49E0-8DC6-64BC911D27C5}
	EndGlobalSection
	GlobalSection(ExtensibilityGlobals) = postSolution
		SolutionGuid = {43FB53F9-CA0A-48E8-AAC8-360182CF1E7E}
	EndGlobalSection
EndGlobal
